// !$*UTF8*$!
{
	archiveVersion = 1;
	classes = {
	};
	objectVersion = 55;
	objects = {

/* Begin PBXBuildFile section */
		4D3AD57E272AD1C200D4F941 /* FilterTypeViewController.swift in Sources */ = {isa = PBXBuildFile; fileRef = 4D3AD57C272AD1C200D4F941 /* FilterTypeViewController.swift */; };
		4D3AD57F272AD1C200D4F941 /* FilterTypeViewController.xib in Resources */ = {isa = PBXBuildFile; fileRef = 4D3AD57D272AD1C200D4F941 /* FilterTypeViewController.xib */; };
		4D3AD583272B11A200D4F941 /* FilterTypeModel.swift in Sources */ = {isa = PBXBuildFile; fileRef = 4D3AD582272B11A100D4F941 /* FilterTypeModel.swift */; };
		4D3AD586272B1E3100D4F941 /* ProfileViewController.swift in Sources */ = {isa = PBXBuildFile; fileRef = 4D3AD585272B1E3100D4F941 /* ProfileViewController.swift */; };
		4D3AD588272B1E3C00D4F941 /* ProfileModel.swift in Sources */ = {isa = PBXBuildFile; fileRef = 4D3AD587272B1E3C00D4F941 /* ProfileModel.swift */; };
		4D3AD58A272B2FBA00D4F941 /* String.swift in Sources */ = {isa = PBXBuildFile; fileRef = 4D3AD589272B2FB900D4F941 /* String.swift */; };
		4D3AD58D272BDB7A00D4F941 /* enum.swift in Sources */ = {isa = PBXBuildFile; fileRef = 4D3AD58C272BDB7A00D4F941 /* enum.swift */; };
		4DEC73BE2728944B0005275E /* AppDelegate.swift in Sources */ = {isa = PBXBuildFile; fileRef = 4DEC73BD2728944B0005275E /* AppDelegate.swift */; };
		4DEC73C02728944B0005275E /* SceneDelegate.swift in Sources */ = {isa = PBXBuildFile; fileRef = 4DEC73BF2728944B0005275E /* SceneDelegate.swift */; };
		4DEC73C52728944B0005275E /* Main.storyboard in Resources */ = {isa = PBXBuildFile; fileRef = 4DEC73C32728944B0005275E /* Main.storyboard */; };
		4DEC73C72728944E0005275E /* Assets.xcassets in Resources */ = {isa = PBXBuildFile; fileRef = 4DEC73C62728944E0005275E /* Assets.xcassets */; };
		4DEC73CA2728944E0005275E /* LaunchScreen.storyboard in Resources */ = {isa = PBXBuildFile; fileRef = 4DEC73C82728944E0005275E /* LaunchScreen.storyboard */; };
		4DEC73D727289A9E0005275E /* ContactTableViewCell.swift in Sources */ = {isa = PBXBuildFile; fileRef = 4DEC73D527289A9E0005275E /* ContactTableViewCell.swift */; };
		4DEC73D827289A9E0005275E /* ContactTableViewCell.xib in Resources */ = {isa = PBXBuildFile; fileRef = 4DEC73D627289A9E0005275E /* ContactTableViewCell.xib */; };
		4DEC73DF272967E90005275E /* SortedListCollectionViewCell.swift in Sources */ = {isa = PBXBuildFile; fileRef = 4DEC73DD272967E90005275E /* SortedListCollectionViewCell.swift */; };
		4DEC73E0272967E90005275E /* SortedListCollectionViewCell.xib in Resources */ = {isa = PBXBuildFile; fileRef = 4DEC73DE272967E90005275E /* SortedListCollectionViewCell.xib */; };
		4DEC73E227296A360005275E /* ContactListViewController.swift in Sources */ = {isa = PBXBuildFile; fileRef = 4DEC73E127296A360005275E /* ContactListViewController.swift */; };
		4DEC73E5272974180005275E /* DataManager.swift in Sources */ = {isa = PBXBuildFile; fileRef = 4DEC73E4272974180005275E /* DataManager.swift */; };
		4DEC73E7272981AB0005275E /* SortedListModel.swift in Sources */ = {isa = PBXBuildFile; fileRef = 4DEC73E6272981AB0005275E /* SortedListModel.swift */; };
		4DEC73E9272983590005275E /* ContactListModel.swift in Sources */ = {isa = PBXBuildFile; fileRef = 4DEC73E8272983590005275E /* ContactListModel.swift */; };
		4DEC73EF2729C0370005275E /* User.swift in Sources */ = {isa = PBXBuildFile; fileRef = 4DEC73EE2729C0370005275E /* User.swift */; };
		4DEC73F12729C0660005275E /* NetworkManager.swift in Sources */ = {isa = PBXBuildFile; fileRef = 4DEC73F02729C0660005275E /* NetworkManager.swift */; };
		4DEC73F32729C3400005275E /* ContactModel.swift in Sources */ = {isa = PBXBuildFile; fileRef = 4DEC73F22729C3400005275E /* ContactModel.swift */; };
		4DEC73F72729C4D80005275E /* ImageFetch.swift in Sources */ = {isa = PBXBuildFile; fileRef = 4DEC73F62729C4D80005275E /* ImageFetch.swift */; };
		4DEC73F92729C4F00005275E /* UIImage.swift in Sources */ = {isa = PBXBuildFile; fileRef = 4DEC73F82729C4F00005275E /* UIImage.swift */; };
		4DEC73FB2729C52A0005275E /* ImageService.swift in Sources */ = {isa = PBXBuildFile; fileRef = 4DEC73FA2729C52A0005275E /* ImageService.swift */; };
/* End PBXBuildFile section */

/* Begin PBXFileReference section */
		4D3AD57C272AD1C200D4F941 /* FilterTypeViewController.swift */ = {isa = PBXFileReference; lastKnownFileType = sourcecode.swift; path = FilterTypeViewController.swift; sourceTree = "<group>"; };
		4D3AD57D272AD1C200D4F941 /* FilterTypeViewController.xib */ = {isa = PBXFileReference; lastKnownFileType = file.xib; path = FilterTypeViewController.xib; sourceTree = "<group>"; };
		4D3AD582272B11A100D4F941 /* FilterTypeModel.swift */ = {isa = PBXFileReference; lastKnownFileType = sourcecode.swift; path = FilterTypeModel.swift; sourceTree = "<group>"; };
		4D3AD585272B1E3100D4F941 /* ProfileViewController.swift */ = {isa = PBXFileReference; lastKnownFileType = sourcecode.swift; path = ProfileViewController.swift; sourceTree = "<group>"; };
		4D3AD587272B1E3C00D4F941 /* ProfileModel.swift */ = {isa = PBXFileReference; lastKnownFileType = sourcecode.swift; path = ProfileModel.swift; sourceTree = "<group>"; };
		4D3AD589272B2FB900D4F941 /* String.swift */ = {isa = PBXFileReference; lastKnownFileType = sourcecode.swift; path = String.swift; sourceTree = "<group>"; };
		4D3AD58C272BDB7A00D4F941 /* enum.swift */ = {isa = PBXFileReference; lastKnownFileType = sourcecode.swift; path = enum.swift; sourceTree = "<group>"; };
		4DEC73BA2728944B0005275E /* KodeTestApp.app */ = {isa = PBXFileReference; explicitFileType = wrapper.application; includeInIndex = 0; path = KodeTestApp.app; sourceTree = BUILT_PRODUCTS_DIR; };
		4DEC73BD2728944B0005275E /* AppDelegate.swift */ = {isa = PBXFileReference; lastKnownFileType = sourcecode.swift; path = AppDelegate.swift; sourceTree = "<group>"; };
		4DEC73BF2728944B0005275E /* SceneDelegate.swift */ = {isa = PBXFileReference; lastKnownFileType = sourcecode.swift; path = SceneDelegate.swift; sourceTree = "<group>"; };
		4DEC73C42728944B0005275E /* Base */ = {isa = PBXFileReference; lastKnownFileType = file.storyboard; name = Base; path = Base.lproj/Main.storyboard; sourceTree = "<group>"; };
		4DEC73C62728944E0005275E /* Assets.xcassets */ = {isa = PBXFileReference; lastKnownFileType = folder.assetcatalog; path = Assets.xcassets; sourceTree = "<group>"; };
		4DEC73C92728944E0005275E /* Base */ = {isa = PBXFileReference; lastKnownFileType = file.storyboard; name = Base; path = Base.lproj/LaunchScreen.storyboard; sourceTree = "<group>"; };
		4DEC73CB2728944E0005275E /* Info.plist */ = {isa = PBXFileReference; lastKnownFileType = text.plist.xml; path = Info.plist; sourceTree = "<group>"; };
		4DEC73D527289A9E0005275E /* ContactTableViewCell.swift */ = {isa = PBXFileReference; lastKnownFileType = sourcecode.swift; path = ContactTableViewCell.swift; sourceTree = "<group>"; };
		4DEC73D627289A9E0005275E /* ContactTableViewCell.xib */ = {isa = PBXFileReference; lastKnownFileType = file.xib; path = ContactTableViewCell.xib; sourceTree = "<group>"; };
		4DEC73DD272967E90005275E /* SortedListCollectionViewCell.swift */ = {isa = PBXFileReference; lastKnownFileType = sourcecode.swift; path = SortedListCollectionViewCell.swift; sourceTree = "<group>"; };
		4DEC73DE272967E90005275E /* SortedListCollectionViewCell.xib */ = {isa = PBXFileReference; lastKnownFileType = file.xib; path = SortedListCollectionViewCell.xib; sourceTree = "<group>"; };
		4DEC73E127296A360005275E /* ContactListViewController.swift */ = {isa = PBXFileReference; lastKnownFileType = sourcecode.swift; path = ContactListViewController.swift; sourceTree = "<group>"; };
		4DEC73E4272974180005275E /* DataManager.swift */ = {isa = PBXFileReference; lastKnownFileType = sourcecode.swift; path = DataManager.swift; sourceTree = "<group>"; };
		4DEC73E6272981AB0005275E /* SortedListModel.swift */ = {isa = PBXFileReference; lastKnownFileType = sourcecode.swift; path = SortedListModel.swift; sourceTree = "<group>"; };
		4DEC73E8272983590005275E /* ContactListModel.swift */ = {isa = PBXFileReference; lastKnownFileType = sourcecode.swift; path = ContactListModel.swift; sourceTree = "<group>"; };
		4DEC73EE2729C0370005275E /* User.swift */ = {isa = PBXFileReference; lastKnownFileType = sourcecode.swift; path = User.swift; sourceTree = "<group>"; };
		4DEC73F02729C0660005275E /* NetworkManager.swift */ = {isa = PBXFileReference; lastKnownFileType = sourcecode.swift; path = NetworkManager.swift; sourceTree = "<group>"; };
		4DEC73F22729C3400005275E /* ContactModel.swift */ = {isa = PBXFileReference; lastKnownFileType = sourcecode.swift; path = ContactModel.swift; sourceTree = "<group>"; };
		4DEC73F62729C4D80005275E /* ImageFetch.swift */ = {isa = PBXFileReference; lastKnownFileType = sourcecode.swift; path = ImageFetch.swift; sourceTree = "<group>"; };
		4DEC73F82729C4F00005275E /* UIImage.swift */ = {isa = PBXFileReference; lastKnownFileType = sourcecode.swift; path = UIImage.swift; sourceTree = "<group>"; };
		4DEC73FA2729C52A0005275E /* ImageService.swift */ = {isa = PBXFileReference; lastKnownFileType = sourcecode.swift; path = ImageService.swift; sourceTree = "<group>"; };
/* End PBXFileReference section */

/* Begin PBXFrameworksBuildPhase section */
		4DEC73B72728944B0005275E /* Frameworks */ = {
			isa = PBXFrameworksBuildPhase;
			buildActionMask = 2147483647;
			files = (
			);
			runOnlyForDeploymentPostprocessing = 0;
		};
/* End PBXFrameworksBuildPhase section */

/* Begin PBXGroup section */
		4D3AD584272B1E1E00D4F941 /* ProfileVC */ = {
			isa = PBXGroup;
			children = (
				4D3AD585272B1E3100D4F941 /* ProfileViewController.swift */,
				4D3AD587272B1E3C00D4F941 /* ProfileModel.swift */,
			);
			path = ProfileVC;
			sourceTree = "<group>";
		};
		4D3AD58B272BDB6800D4F941 /* enum */ = {
			isa = PBXGroup;
			children = (
				4D3AD58C272BDB7A00D4F941 /* enum.swift */,
			);
			path = enum;
			sourceTree = "<group>";
		};
		4D3AD58E272BEE2E00D4F941 /* FilterVC */ = {
			isa = PBXGroup;
			children = (
				4D3AD57C272AD1C200D4F941 /* FilterTypeViewController.swift */,
				4D3AD582272B11A100D4F941 /* FilterTypeModel.swift */,
				4D3AD57D272AD1C200D4F941 /* FilterTypeViewController.xib */,
			);
			path = FilterVC;
			sourceTree = "<group>";
		};
		4DEC73B12728944B0005275E = {
			isa = PBXGroup;
			children = (
				4DEC73BC2728944B0005275E /* KodeTestApp */,
				4DEC73BB2728944B0005275E /* Products */,
			);
			sourceTree = "<group>";
		};
		4DEC73BB2728944B0005275E /* Products */ = {
			isa = PBXGroup;
			children = (
				4DEC73BA2728944B0005275E /* KodeTestApp.app */,
			);
			name = Products;
			sourceTree = "<group>";
		};
		4DEC73BC2728944B0005275E /* KodeTestApp */ = {
			isa = PBXGroup;
			children = (
				4DEC73BD2728944B0005275E /* AppDelegate.swift */,
				4DEC73BF2728944B0005275E /* SceneDelegate.swift */,
				4D3AD58B272BDB6800D4F941 /* enum */,
				4DEC73F52729C4A20005275E /* extensions */,
				4DEC73ED2729C0260005275E /* Model */,
				4DEC73E32729740A0005275E /* Managers */,
				4DEC73D327289A650005275E /* Controllers */,
				4DEC73C32728944B0005275E /* Main.storyboard */,
				4DEC73C62728944E0005275E /* Assets.xcassets */,
				4DEC73C82728944E0005275E /* LaunchScreen.storyboard */,
				4DEC73CB2728944E0005275E /* Info.plist */,
			);
			path = KodeTestApp;
			sourceTree = "<group>";
		};
		4DEC73D327289A650005275E /* Controllers */ = {
			isa = PBXGroup;
			children = (
				4D3AD584272B1E1E00D4F941 /* ProfileVC */,
				4DEC73D427289A770005275E /* ContactListVC */,
			);
			path = Controllers;
			sourceTree = "<group>";
		};
		4DEC73D427289A770005275E /* ContactListVC */ = {
			isa = PBXGroup;
			children = (
				4DEC73E127296A360005275E /* ContactListViewController.swift */,
				4DEC73E8272983590005275E /* ContactListModel.swift */,
				4D3AD58E272BEE2E00D4F941 /* FilterVC */,
				4DEC73DC272967CA0005275E /* CollectionViewCell */,
				4DEC73DB272967BC0005275E /* tableViewCell */,
			);
			path = ContactListVC;
			sourceTree = "<group>";
		};
		4DEC73DB272967BC0005275E /* tableViewCell */ = {
			isa = PBXGroup;
			children = (
				4DEC73D527289A9E0005275E /* ContactTableViewCell.swift */,
				4DEC73F22729C3400005275E /* ContactModel.swift */,
				4DEC73D627289A9E0005275E /* ContactTableViewCell.xib */,
			);
			path = tableViewCell;
			sourceTree = "<group>";
		};
		4DEC73DC272967CA0005275E /* CollectionViewCell */ = {
			isa = PBXGroup;
			children = (
				4DEC73DD272967E90005275E /* SortedListCollectionViewCell.swift */,
				4DEC73E6272981AB0005275E /* SortedListModel.swift */,
				4DEC73DE272967E90005275E /* SortedListCollectionViewCell.xib */,
			);
			path = CollectionViewCell;
			sourceTree = "<group>";
		};
		4DEC73E32729740A0005275E /* Managers */ = {
			isa = PBXGroup;
			children = (
				4DEC73E4272974180005275E /* DataManager.swift */,
				4DEC73F02729C0660005275E /* NetworkManager.swift */,
				4DEC73F62729C4D80005275E /* ImageFetch.swift */,
				4DEC73FA2729C52A0005275E /* ImageService.swift */,
			);
			path = Managers;
			sourceTree = "<group>";
		};
		4DEC73ED2729C0260005275E /* Model */ = {
			isa = PBXGroup;
			children = (
				4DEC73EE2729C0370005275E /* User.swift */,
			);
			path = Model;
			sourceTree = "<group>";
		};
		4DEC73F52729C4A20005275E /* extensions */ = {
			isa = PBXGroup;
			children = (
				4DEC73F82729C4F00005275E /* UIImage.swift */,
				4D3AD589272B2FB900D4F941 /* String.swift */,
			);
			path = extensions;
			sourceTree = "<group>";
		};
/* End PBXGroup section */

/* Begin PBXNativeTarget section */
		4DEC73B92728944B0005275E /* KodeTestApp */ = {
			isa = PBXNativeTarget;
			buildConfigurationList = 4DEC73CE2728944E0005275E /* Build configuration list for PBXNativeTarget "KodeTestApp" */;
			buildPhases = (
				4DEC73B62728944B0005275E /* Sources */,
				4DEC73B72728944B0005275E /* Frameworks */,
				4DEC73B82728944B0005275E /* Resources */,
			);
			buildRules = (
			);
			dependencies = (
			);
			name = KodeTestApp;
			productName = KodeTestApp;
			productReference = 4DEC73BA2728944B0005275E /* KodeTestApp.app */;
			productType = "com.apple.product-type.application";
		};
/* End PBXNativeTarget section */

/* Begin PBXProject section */
		4DEC73B22728944B0005275E /* Project object */ = {
			isa = PBXProject;
			attributes = {
				BuildIndependentTargetsInParallel = 1;
				LastSwiftUpdateCheck = 1310;
				LastUpgradeCheck = 1310;
				TargetAttributes = {
					4DEC73B92728944B0005275E = {
						CreatedOnToolsVersion = 13.1;
					};
				};
			};
			buildConfigurationList = 4DEC73B52728944B0005275E /* Build configuration list for PBXProject "KodeTestApp" */;
			compatibilityVersion = "Xcode 13.0";
			developmentRegion = en;
			hasScannedForEncodings = 0;
			knownRegions = (
				en,
				Base,
			);
			mainGroup = 4DEC73B12728944B0005275E;
			productRefGroup = 4DEC73BB2728944B0005275E /* Products */;
			projectDirPath = "";
			projectRoot = "";
			targets = (
				4DEC73B92728944B0005275E /* KodeTestApp */,
			);
		};
/* End PBXProject section */

/* Begin PBXResourcesBuildPhase section */
		4DEC73B82728944B0005275E /* Resources */ = {
			isa = PBXResourcesBuildPhase;
			buildActionMask = 2147483647;
			files = (
				4DEC73D827289A9E0005275E /* ContactTableViewCell.xib in Resources */,
				4DEC73CA2728944E0005275E /* LaunchScreen.storyboard in Resources */,
				4D3AD57F272AD1C200D4F941 /* FilterTypeViewController.xib in Resources */,
				4DEC73E0272967E90005275E /* SortedListCollectionViewCell.xib in Resources */,
				4DEC73C72728944E0005275E /* Assets.xcassets in Resources */,
				4DEC73C52728944B0005275E /* Main.storyboard in Resources */,
			);
			runOnlyForDeploymentPostprocessing = 0;
		};
/* End PBXResourcesBuildPhase section */

/* Begin PBXSourcesBuildPhase section */
		4DEC73B62728944B0005275E /* Sources */ = {
			isa = PBXSourcesBuildPhase;
			buildActionMask = 2147483647;
			files = (
				4D3AD58A272B2FBA00D4F941 /* String.swift in Sources */,
				4DEC73E7272981AB0005275E /* SortedListModel.swift in Sources */,
				4DEC73D727289A9E0005275E /* ContactTableViewCell.swift in Sources */,
				4DEC73F12729C0660005275E /* NetworkManager.swift in Sources */,
				4DEC73E9272983590005275E /* ContactListModel.swift in Sources */,
				4DEC73F72729C4D80005275E /* ImageFetch.swift in Sources */,
				4DEC73E5272974180005275E /* DataManager.swift in Sources */,
				4DEC73E227296A360005275E /* ContactListViewController.swift in Sources */,
				4D3AD586272B1E3100D4F941 /* ProfileViewController.swift in Sources */,
				4DEC73EF2729C0370005275E /* User.swift in Sources */,
				4D3AD58D272BDB7A00D4F941 /* enum.swift in Sources */,
				4D3AD588272B1E3C00D4F941 /* ProfileModel.swift in Sources */,
				4DEC73DF272967E90005275E /* SortedListCollectionViewCell.swift in Sources */,
				4D3AD583272B11A200D4F941 /* FilterTypeModel.swift in Sources */,
				4DEC73BE2728944B0005275E /* AppDelegate.swift in Sources */,
				4DEC73C02728944B0005275E /* SceneDelegate.swift in Sources */,
				4D3AD57E272AD1C200D4F941 /* FilterTypeViewController.swift in Sources */,
				4DEC73F92729C4F00005275E /* UIImage.swift in Sources */,
				4DEC73F32729C3400005275E /* ContactModel.swift in Sources */,
				4DEC73FB2729C52A0005275E /* ImageService.swift in Sources */,
			);
			runOnlyForDeploymentPostprocessing = 0;
		};
/* End PBXSourcesBuildPhase section */

/* Begin PBXVariantGroup section */
		4DEC73C32728944B0005275E /* Main.storyboard */ = {
			isa = PBXVariantGroup;
			children = (
				4DEC73C42728944B0005275E /* Base */,
			);
			name = Main.storyboard;
			sourceTree = "<group>";
		};
		4DEC73C82728944E0005275E /* LaunchScreen.storyboard */ = {
			isa = PBXVariantGroup;
			children = (
				4DEC73C92728944E0005275E /* Base */,
			);
			name = LaunchScreen.storyboard;
			sourceTree = "<group>";
		};
/* End PBXVariantGroup section */

/* Begin XCBuildConfiguration section */
		4DEC73CC2728944E0005275E /* Debug */ = {
			isa = XCBuildConfiguration;
			buildSettings = {
				ALWAYS_SEARCH_USER_PATHS = NO;
				CLANG_ANALYZER_NONNULL = YES;
				CLANG_ANALYZER_NUMBER_OBJECT_CONVERSION = YES_AGGRESSIVE;
				CLANG_CXX_LANGUAGE_STANDARD = "gnu++17";
				CLANG_CXX_LIBRARY = "libc++";
				CLANG_ENABLE_MODULES = YES;
				CLANG_ENABLE_OBJC_ARC = YES;
				CLANG_ENABLE_OBJC_WEAK = YES;
				CLANG_WARN_BLOCK_CAPTURE_AUTORELEASING = YES;
				CLANG_WARN_BOOL_CONVERSION = YES;
				CLANG_WARN_COMMA = YES;
				CLANG_WARN_CONSTANT_CONVERSION = YES;
				CLANG_WARN_DEPRECATED_OBJC_IMPLEMENTATIONS = YES;
				CLANG_WARN_DIRECT_OBJC_ISA_USAGE = YES_ERROR;
				CLANG_WARN_DOCUMENTATION_COMMENTS = YES;
				CLANG_WARN_EMPTY_BODY = YES;
				CLANG_WARN_ENUM_CONVERSION = YES;
				CLANG_WARN_INFINITE_RECURSION = YES;
				CLANG_WARN_INT_CONVERSION = YES;
				CLANG_WARN_NON_LITERAL_NULL_CONVERSION = YES;
				CLANG_WARN_OBJC_IMPLICIT_RETAIN_SELF = YES;
				CLANG_WARN_OBJC_LITERAL_CONVERSION = YES;
				CLANG_WARN_OBJC_ROOT_CLASS = YES_ERROR;
				CLANG_WARN_QUOTED_INCLUDE_IN_FRAMEWORK_HEADER = YES;
				CLANG_WARN_RANGE_LOOP_ANALYSIS = YES;
				CLANG_WARN_STRICT_PROTOTYPES = YES;
				CLANG_WARN_SUSPICIOUS_MOVE = YES;
				CLANG_WARN_UNGUARDED_AVAILABILITY = YES_AGGRESSIVE;
				CLANG_WARN_UNREACHABLE_CODE = YES;
				CLANG_WARN__DUPLICATE_METHOD_MATCH = YES;
				COPY_PHASE_STRIP = NO;
				DEBUG_INFORMATION_FORMAT = dwarf;
				ENABLE_STRICT_OBJC_MSGSEND = YES;
				ENABLE_TESTABILITY = YES;
				GCC_C_LANGUAGE_STANDARD = gnu11;
				GCC_DYNAMIC_NO_PIC = NO;
				GCC_NO_COMMON_BLOCKS = YES;
				GCC_OPTIMIZATION_LEVEL = 0;
				GCC_PREPROCESSOR_DEFINITIONS = (
					"DEBUG=1",
					"$(inherited)",
				);
				GCC_WARN_64_TO_32_BIT_CONVERSION = YES;
				GCC_WARN_ABOUT_RETURN_TYPE = YES_ERROR;
				GCC_WARN_UNDECLARED_SELECTOR = YES;
				GCC_WARN_UNINITIALIZED_AUTOS = YES_AGGRESSIVE;
				GCC_WARN_UNUSED_FUNCTION = YES;
				GCC_WARN_UNUSED_VARIABLE = YES;
				IPHONEOS_DEPLOYMENT_TARGET = 15.0;
				MTL_ENABLE_DEBUG_INFO = INCLUDE_SOURCE;
				MTL_FAST_MATH = YES;
				ONLY_ACTIVE_ARCH = YES;
				SDKROOT = iphoneos;
				SWIFT_ACTIVE_COMPILATION_CONDITIONS = DEBUG;
				SWIFT_OPTIMIZATION_LEVEL = "-Onone";
			};
			name = Debug;
		};
		4DEC73CD2728944E0005275E /* Release */ = {
			isa = XCBuildConfiguration;
			buildSettings = {
				ALWAYS_SEARCH_USER_PATHS = NO;
				CLANG_ANALYZER_NONNULL = YES;
				CLANG_ANALYZER_NUMBER_OBJECT_CONVERSION = YES_AGGRESSIVE;
				CLANG_CXX_LANGUAGE_STANDARD = "gnu++17";
				CLANG_CXX_LIBRARY = "libc++";
				CLANG_ENABLE_MODULES = YES;
				CLANG_ENABLE_OBJC_ARC = YES;
				CLANG_ENABLE_OBJC_WEAK = YES;
				CLANG_WARN_BLOCK_CAPTURE_AUTORELEASING = YES;
				CLANG_WARN_BOOL_CONVERSION = YES;
				CLANG_WARN_COMMA = YES;
				CLANG_WARN_CONSTANT_CONVERSION = YES;
				CLANG_WARN_DEPRECATED_OBJC_IMPLEMENTATIONS = YES;
				CLANG_WARN_DIRECT_OBJC_ISA_USAGE = YES_ERROR;
				CLANG_WARN_DOCUMENTATION_COMMENTS = YES;
				CLANG_WARN_EMPTY_BODY = YES;
				CLANG_WARN_ENUM_CONVERSION = YES;
				CLANG_WARN_INFINITE_RECURSION = YES;
				CLANG_WARN_INT_CONVERSION = YES;
				CLANG_WARN_NON_LITERAL_NULL_CONVERSION = YES;
				CLANG_WARN_OBJC_IMPLICIT_RETAIN_SELF = YES;
				CLANG_WARN_OBJC_LITERAL_CONVERSION = YES;
				CLANG_WARN_OBJC_ROOT_CLASS = YES_ERROR;
				CLANG_WARN_QUOTED_INCLUDE_IN_FRAMEWORK_HEADER = YES;
				CLANG_WARN_RANGE_LOOP_ANALYSIS = YES;
				CLANG_WARN_STRICT_PROTOTYPES = YES;
				CLANG_WARN_SUSPICIOUS_MOVE = YES;
				CLANG_WARN_UNGUARDED_AVAILABILITY = YES_AGGRESSIVE;
				CLANG_WARN_UNREACHABLE_CODE = YES;
				CLANG_WARN__DUPLICATE_METHOD_MATCH = YES;
				COPY_PHASE_STRIP = NO;
				DEBUG_INFORMATION_FORMAT = "dwarf-with-dsym";
				ENABLE_NS_ASSERTIONS = NO;
				ENABLE_STRICT_OBJC_MSGSEND = YES;
				GCC_C_LANGUAGE_STANDARD = gnu11;
				GCC_NO_COMMON_BLOCKS = YES;
				GCC_WARN_64_TO_32_BIT_CONVERSION = YES;
				GCC_WARN_ABOUT_RETURN_TYPE = YES_ERROR;
				GCC_WARN_UNDECLARED_SELECTOR = YES;
				GCC_WARN_UNINITIALIZED_AUTOS = YES_AGGRESSIVE;
				GCC_WARN_UNUSED_FUNCTION = YES;
				GCC_WARN_UNUSED_VARIABLE = YES;
				IPHONEOS_DEPLOYMENT_TARGET = 15.0;
				MTL_ENABLE_DEBUG_INFO = NO;
				MTL_FAST_MATH = YES;
				SDKROOT = iphoneos;
				SWIFT_COMPILATION_MODE = wholemodule;
				SWIFT_OPTIMIZATION_LEVEL = "-O";
				VALIDATE_PRODUCT = YES;
			};
			name = Release;
		};
		4DEC73CF2728944E0005275E /* Debug */ = {
			isa = XCBuildConfiguration;
			buildSettings = {
				ASSETCATALOG_COMPILER_APPICON_NAME = AppIcon;
				ASSETCATALOG_COMPILER_GLOBAL_ACCENT_COLOR_NAME = AccentColor;
				CODE_SIGN_STYLE = Automatic;
				CURRENT_PROJECT_VERSION = 1;
				GENERATE_INFOPLIST_FILE = YES;
				INFOPLIST_FILE = KodeTestApp/Info.plist;
				INFOPLIST_KEY_UIApplicationSupportsIndirectInputEvents = YES;
				INFOPLIST_KEY_UILaunchStoryboardName = LaunchScreen;
				INFOPLIST_KEY_UIMainStoryboardFile = Main;
				INFOPLIST_KEY_UIStatusBarHidden = NO;
				INFOPLIST_KEY_UISupportedInterfaceOrientations = UIInterfaceOrientationPortrait;
				INFOPLIST_KEY_UISupportedInterfaceOrientations_iPad = "UIInterfaceOrientationPortrait UIInterfaceOrientationPortraitUpsideDown UIInterfaceOrientationLandscapeLeft UIInterfaceOrientationLandscapeRight";
				INFOPLIST_KEY_UISupportedInterfaceOrientations_iPhone = "UIInterfaceOrientationPortrait UIInterfaceOrientationLandscapeLeft UIInterfaceOrientationLandscapeRight";
				IPHONEOS_DEPLOYMENT_TARGET = 15.0;
				LD_RUNPATH_SEARCH_PATHS = (
					"$(inherited)",
					"@executable_path/Frameworks",
				);
				MARKETING_VERSION = 1.0;
				PRODUCT_BUNDLE_IDENTIFIER = p.KodeTestApp;
				PRODUCT_NAME = "$(TARGET_NAME)";
				SWIFT_EMIT_LOC_STRINGS = YES;
				SWIFT_VERSION = 5.0;
				TARGETED_DEVICE_FAMILY = 1;
			};
			name = Debug;
		};
		4DEC73D02728944E0005275E /* Release */ = {
			isa = XCBuildConfiguration;
			buildSettings = {
				ASSETCATALOG_COMPILER_APPICON_NAME = AppIcon;
				ASSETCATALOG_COMPILER_GLOBAL_ACCENT_COLOR_NAME = AccentColor;
				CODE_SIGN_STYLE = Automatic;
				CURRENT_PROJECT_VERSION = 1;
				GENERATE_INFOPLIST_FILE = YES;
				INFOPLIST_FILE = KodeTestApp/Info.plist;
				INFOPLIST_KEY_UIApplicationSupportsIndirectInputEvents = YES;
				INFOPLIST_KEY_UILaunchStoryboardName = LaunchScreen;
				INFOPLIST_KEY_UIMainStoryboardFile = Main;
				INFOPLIST_KEY_UIStatusBarHidden = NO;
				INFOPLIST_KEY_UISupportedInterfaceOrientations = UIInterfaceOrientationPortrait;
				INFOPLIST_KEY_UISupportedInterfaceOrientations_iPad = "UIInterfaceOrientationPortrait UIInterfaceOrientationPortraitUpsideDown UIInterfaceOrientationLandscapeLeft UIInterfaceOrientationLandscapeRight";
				INFOPLIST_KEY_UISupportedInterfaceOrientations_iPhone = "UIInterfaceOrientationPortrait UIInterfaceOrientationLandscapeLeft UIInterfaceOrientationLandscapeRight";
				IPHONEOS_DEPLOYMENT_TARGET = 15.0;
				LD_RUNPATH_SEARCH_PATHS = (
					"$(inherited)",
					"@executable_path/Frameworks",
				);
				MARKETING_VERSION = 1.0;
				PRODUCT_BUNDLE_IDENTIFIER = p.KodeTestApp;
				PRODUCT_NAME = "$(TARGET_NAME)";
				SWIFT_EMIT_LOC_STRINGS = YES;
				SWIFT_VERSION = 5.0;
				TARGETED_DEVICE_FAMILY = 1;
			};
			name = Release;
		};
/* End XCBuildConfiguration section */

/* Begin XCConfigurationList section */
		4DEC73B52728944B0005275E /* Build configuration list for PBXProject "KodeTestApp" */ = {
			isa = XCConfigurationList;
			buildConfigurations = (
				4DEC73CC2728944E0005275E /* Debug */,
				4DEC73CD2728944E0005275E /* Release */,
			);
			defaultConfigurationIsVisible = 0;
			defaultConfigurationName = Release;
		};
		4DEC73CE2728944E0005275E /* Build configuration list for PBXNativeTarget "KodeTestApp" */ = {
			isa = XCConfigurationList;
			buildConfigurations = (
				4DEC73CF2728944E0005275E /* Debug */,
				4DEC73D02728944E0005275E /* Release */,
			);
			defaultConfigurationIsVisible = 0;
			defaultConfigurationName = Release;
		};
/* End XCConfigurationList section */
	};
	rootObject = 4DEC73B22728944B0005275E /* Project object */;
}
